// !$*UTF8*$!
{
	archiveVersion = 1;
	classes = {
	};
	objectVersion = 77;
	objects = {

/* Begin PBXBuildFile section */
		06872959D208BBC9359BCF33 /* EncryptionService.swift in Sources */ = {isa = PBXBuildFile; fileRef = A21DB8806550EAE23595007C /* EncryptionService.swift */; };
		1AC33F68B286F2CBF82587BC /* KeychainSwift in Frameworks */ = {isa = PBXBuildFile; productRef = A660B5947436A9671AC0B48F /* KeychainSwift */; };
		1CAB9C427AFC98B116E092D1 /* KeyboardViewModel.swift in Sources */ = {isa = PBXBuildFile; fileRef = 748608667D66AD3CBED85C74 /* KeyboardViewModel.swift */; };
		1E93A5D42876813EEFB69EC0 /* ShareView.swift in Sources */ = {isa = PBXBuildFile; fileRef = 785F8F4C302C4E40E0A583E6 /* ShareView.swift */; };
		1F525D234E4C86CD2DB3DE85 /* PrivacyDisclosureView.swift in Sources */ = {isa = PBXBuildFile; fileRef = 56C9D9BF35C17B4E2F05FCC9 /* PrivacyDisclosureView.swift */; };
		2AD868F59BFA49718F08C840 /* ToneProfile.swift in Sources */ = {isa = PBXBuildFile; fileRef = 21D00DE956C415AF92E4AFE8 /* ToneProfile.swift */; };
		2D9FF177CB67D0F69B5C3410 /* EncryptionService.swift in Sources */ = {isa = PBXBuildFile; fileRef = A21DB8806550EAE23595007C /* EncryptionService.swift */; };
		30AF17FEE45CDEBE1F105C09 /* KeyboardViewController.swift in Sources */ = {isa = PBXBuildFile; fileRef = BFF0AC155FA11E44697529DD /* KeyboardViewController.swift */; };
		383AEBDF2382ED242069A60E /* ContactEntity+Extensions.swift in Sources */ = {isa = PBXBuildFile; fileRef = 487FCE7E1E2FFCE2AB8B846E /* ContactEntity+Extensions.swift */; };
		3871D60AB70A0C470811ABA4 /* UsageCache.swift in Sources */ = {isa = PBXBuildFile; fileRef = 8AF63B1DC01C7C53AAC684E9 /* UsageCache.swift */; };
		45906E34D3541FDD74611877 /* KChimeTests.swift in Sources */ = {isa = PBXBuildFile; fileRef = FE3518032D270D6E84E77E77 /* KChimeTests.swift */; };
		4AA5F0924BA8718F955EFAF4 /* KeychainSwift in Frameworks */ = {isa = PBXBuildFile; productRef = A38139BDD919EE575C48EAC0 /* KeychainSwift */; };
		53E71B1324DFA33740A39867 /* KeyboardView.swift in Sources */ = {isa = PBXBuildFile; fileRef = 121F03FCB1BF2E9412214DE9 /* KeyboardView.swift */; };
		58A6A57B32B37D4263422715 /* ShareViewController.swift in Sources */ = {isa = PBXBuildFile; fileRef = F7F60DF3BC2E8EEF919AAE95 /* ShareViewController.swift */; };
		5B3D2E6033792494C7FBA90F /* KChimeApp.swift in Sources */ = {isa = PBXBuildFile; fileRef = B1205CCD6A2CE1CA5B36DD9D /* KChimeApp.swift */; };
		617C306FB3DF7093E985FCF2 /* KChimeAPIClient.swift in Sources */ = {isa = PBXBuildFile; fileRef = C78AA655CC82E9A626962A54 /* KChimeAPIClient.swift */; };
		6E1FE3584480111BCBE7203D /* EncryptionService.swift in Sources */ = {isa = PBXBuildFile; fileRef = A21DB8806550EAE23595007C /* EncryptionService.swift */; };
		72BA1B12AC6E5CF4FF7EEE6F /* PaywallView.swift in Sources */ = {isa = PBXBuildFile; fileRef = FA5C75DB851CF6C12C90BC9F /* PaywallView.swift */; };
		7E4BD64DB5115296D3E0A9B7 /* AppConstants.swift in Sources */ = {isa = PBXBuildFile; fileRef = 283C822D4E5EC2B5105DCF19 /* AppConstants.swift */; };
		89C40DD5C68AF82DB7DF5E92 /* SavedRepliesView.swift in Sources */ = {isa = PBXBuildFile; fileRef = 153F0E6997F27338C8F62ED0 /* SavedRepliesView.swift */; };
		8D725DCB96CFCD6946986626 /* PersistenceController.swift in Sources */ = {isa = PBXBuildFile; fileRef = 6662D0FC9E2C1521F585FBD8 /* PersistenceController.swift */; };
		927F043645B0697030252BD6 /* KeyboardSetupView.swift in Sources */ = {isa = PBXBuildFile; fileRef = 2D46329770906E8A7355F1A7 /* KeyboardSetupView.swift */; };
		983996B368E0C3A13698ED70 /* SettingsView.swift in Sources */ = {isa = PBXBuildFile; fileRef = B26BFCA9348907C4A151322D /* SettingsView.swift */; };
		A10EC70D4941C5DA9323F1AF /* AppConstants.swift in Sources */ = {isa = PBXBuildFile; fileRef = 283C822D4E5EC2B5105DCF19 /* AppConstants.swift */; };
		AA859AAA9A2AA30B50605313 /* KChimeAPIClient.swift in Sources */ = {isa = PBXBuildFile; fileRef = C78AA655CC82E9A626962A54 /* KChimeAPIClient.swift */; };
		ABFFE29E205F0A090CC79DB3 /* AppState.swift in Sources */ = {isa = PBXBuildFile; fileRef = 5E3677196166D87F2EA02488 /* AppState.swift */; };
		AD9005692E1E31A4A7F92AA9 /* ContactsView.swift in Sources */ = {isa = PBXBuildFile; fileRef = 6A7A8646CB53B7A2E686A313 /* ContactsView.swift */; };
		B7B11797DEF6766B6425FCDF /* AppConstants.swift in Sources */ = {isa = PBXBuildFile; fileRef = 283C822D4E5EC2B5105DCF19 /* AppConstants.swift */; };
		B97391ED3AA8D8D1EB7396FA /* OnboardingFlowView.swift in Sources */ = {isa = PBXBuildFile; fileRef = FFF5B1CC01DD4B92E4D2FDA1 /* OnboardingFlowView.swift */; };
		BAE0BB5727EB4974D372FC6B /* UsageCache.swift in Sources */ = {isa = PBXBuildFile; fileRef = 8AF63B1DC01C7C53AAC684E9 /* UsageCache.swift */; };
		C2ADE51845DDE3343068291E /* KChimeAPIClient.swift in Sources */ = {isa = PBXBuildFile; fileRef = C78AA655CC82E9A626962A54 /* KChimeAPIClient.swift */; };
		CC2B7A0D722E98AAE96FC65F /* ToneProfileSetupView.swift in Sources */ = {isa = PBXBuildFile; fileRef = 2DA6EE1A9C02D43D75D2929F /* ToneProfileSetupView.swift */; };
		D59CB138FE6BC95B3DB6B0F1 /* UsageCache.swift in Sources */ = {isa = PBXBuildFile; fileRef = 8AF63B1DC01C7C53AAC684E9 /* UsageCache.swift */; };
		D6CD620CA391E41F443953A8 /* KeychainSwift in Frameworks */ = {isa = PBXBuildFile; productRef = 05CF86FFC57473DE4B567E14 /* KeychainSwift */; };
		E47307CC295FF7C88408C4F9 /* MainTabView.swift in Sources */ = {isa = PBXBuildFile; fileRef = 6339028A32D986F3F32DF285 /* MainTabView.swift */; };
		ED8077D44410E45317BA0ADC /* KChime.xcdatamodeld in Sources */ = {isa = PBXBuildFile; fileRef = F9CEF8CD8AE9BEB8DBA95BEE /* KChime.xcdatamodeld */; };
		FA7C8F85A65E43F5961362F4 /* HomeView.swift in Sources */ = {isa = PBXBuildFile; fileRef = 0571A1124C7BF57995C99E06 /* HomeView.swift */; };
		FEDE56FAA12AE6C1B52C57ED /* ShareViewModel.swift in Sources */ = {isa = PBXBuildFile; fileRef = 5C7C61301E5C8A5E515CB9D3 /* ShareViewModel.swift */; };
/* End PBXBuildFile section */

/* Begin PBXContainerItemProxy section */
		0E8061544B1398838D64971B /* PBXContainerItemProxy */ = {
			isa = PBXContainerItemProxy;
			containerPortal = 801C0A05730303BA676179E8 /* Project object */;
			proxyType = 1;
			remoteGlobalIDString = 0F945FD3889C51F5A83611A7;
			remoteInfo = KChime;
		};
		9063A39164F19109475622BA /* PBXContainerItemProxy */ = {
			isa = PBXContainerItemProxy;
			containerPortal = 801C0A05730303BA676179E8 /* Project object */;
			proxyType = 1;
			remoteGlobalIDString = 0F945FD3889C51F5A83611A7;
			remoteInfo = KChime;
		};
		97284183572796527A7A124A /* PBXContainerItemProxy */ = {
			isa = PBXContainerItemProxy;
			containerPortal = 801C0A05730303BA676179E8 /* Project object */;
			proxyType = 1;
			remoteGlobalIDString = 0F945FD3889C51F5A83611A7;
			remoteInfo = KChime;
		};
/* End PBXContainerItemProxy section */

/* Begin PBXFileReference section */
		0571A1124C7BF57995C99E06 /* HomeView.swift */ = {isa = PBXFileReference; lastKnownFileType = sourcecode.swift; path = HomeView.swift; sourceTree = "<group>"; };
		121F03FCB1BF2E9412214DE9 /* KeyboardView.swift */ = {isa = PBXFileReference; lastKnownFileType = sourcecode.swift; path = KeyboardView.swift; sourceTree = "<group>"; };
		153F0E6997F27338C8F62ED0 /* SavedRepliesView.swift */ = {isa = PBXFileReference; lastKnownFileType = sourcecode.swift; path = SavedRepliesView.swift; sourceTree = "<group>"; };
		170992FDE4A49B535245A448 /* KChimeTests.xctest */ = {isa = PBXFileReference; includeInIndex = 0; lastKnownFileType = wrapper.cfbundle; path = KChimeTests.xctest; sourceTree = BUILT_PRODUCTS_DIR; };
		21D00DE956C415AF92E4AFE8 /* ToneProfile.swift */ = {isa = PBXFileReference; lastKnownFileType = sourcecode.swift; path = ToneProfile.swift; sourceTree = "<group>"; };
		27D86D7FA15DAB43410BBBA3 /* KChimeKeyboard.entitlements */ = {isa = PBXFileReference; lastKnownFileType = text.plist.entitlements; path = KChimeKeyboard.entitlements; sourceTree = "<group>"; };
		283C822D4E5EC2B5105DCF19 /* AppConstants.swift */ = {isa = PBXFileReference; lastKnownFileType = sourcecode.swift; path = AppConstants.swift; sourceTree = "<group>"; };
		2857F089750FB923EBB4695A /* KChime.app */ = {isa = PBXFileReference; includeInIndex = 0; lastKnownFileType = wrapper.application; path = KChime.app; sourceTree = BUILT_PRODUCTS_DIR; };
		2D46329770906E8A7355F1A7 /* KeyboardSetupView.swift */ = {isa = PBXFileReference; lastKnownFileType = sourcecode.swift; path = KeyboardSetupView.swift; sourceTree = "<group>"; };
		2DA6EE1A9C02D43D75D2929F /* ToneProfileSetupView.swift */ = {isa = PBXFileReference; lastKnownFileType = sourcecode.swift; path = ToneProfileSetupView.swift; sourceTree = "<group>"; };
		487FCE7E1E2FFCE2AB8B846E /* ContactEntity+Extensions.swift */ = {isa = PBXFileReference; lastKnownFileType = sourcecode.swift; path = "ContactEntity+Extensions.swift"; sourceTree = "<group>"; };
		4BCB2A90BD3141CABB1D3434 /* Info.plist */ = {isa = PBXFileReference; lastKnownFileType = text.plist; path = Info.plist; sourceTree = "<group>"; };
		56C9D9BF35C17B4E2F05FCC9 /* PrivacyDisclosureView.swift */ = {isa = PBXFileReference; lastKnownFileType = sourcecode.swift; path = PrivacyDisclosureView.swift; sourceTree = "<group>"; };
		58BBABB19F7C55F19F585521 /* KChime.entitlements */ = {isa = PBXFileReference; lastKnownFileType = text.plist.entitlements; path = KChime.entitlements; sourceTree = "<group>"; };
		5C7C61301E5C8A5E515CB9D3 /* ShareViewModel.swift */ = {isa = PBXFileReference; lastKnownFileType = sourcecode.swift; path = ShareViewModel.swift; sourceTree = "<group>"; };
		5D3A9547486E736F0E9074F6 /* KChimeShare.entitlements */ = {isa = PBXFileReference; lastKnownFileType = text.plist.entitlements; path = KChimeShare.entitlements; sourceTree = "<group>"; };
		5E3677196166D87F2EA02488 /* AppState.swift */ = {isa = PBXFileReference; lastKnownFileType = sourcecode.swift; path = AppState.swift; sourceTree = "<group>"; };
		6339028A32D986F3F32DF285 /* MainTabView.swift */ = {isa = PBXFileReference; lastKnownFileType = sourcecode.swift; path = MainTabView.swift; sourceTree = "<group>"; };
		6662D0FC9E2C1521F585FBD8 /* PersistenceController.swift */ = {isa = PBXFileReference; lastKnownFileType = sourcecode.swift; path = PersistenceController.swift; sourceTree = "<group>"; };
		6A7A8646CB53B7A2E686A313 /* ContactsView.swift */ = {isa = PBXFileReference; lastKnownFileType = sourcecode.swift; path = ContactsView.swift; sourceTree = "<group>"; };
		748608667D66AD3CBED85C74 /* KeyboardViewModel.swift */ = {isa = PBXFileReference; lastKnownFileType = sourcecode.swift; path = KeyboardViewModel.swift; sourceTree = "<group>"; };
		785F8F4C302C4E40E0A583E6 /* ShareView.swift */ = {isa = PBXFileReference; lastKnownFileType = sourcecode.swift; path = ShareView.swift; sourceTree = "<group>"; };
		83498FACFF7C931FE8C60269 /* KChime.xcdatamodel */ = {isa = PBXFileReference; lastKnownFileType = wrapper.xcdatamodel; path = KChime.xcdatamodel; sourceTree = "<group>"; };
		8AF63B1DC01C7C53AAC684E9 /* UsageCache.swift */ = {isa = PBXFileReference; lastKnownFileType = sourcecode.swift; path = UsageCache.swift; sourceTree = "<group>"; };
		9B4E021147AE299359420A94 /* Info.plist */ = {isa = PBXFileReference; lastKnownFileType = text.plist; path = Info.plist; sourceTree = "<group>"; };
		A17DE01A4A4AB571821DC6B5 /* KChimeShare.appex */ = {isa = PBXFileReference; includeInIndex = 0; lastKnownFileType = "wrapper.app-extension"; path = KChimeShare.appex; sourceTree = BUILT_PRODUCTS_DIR; };
		A21DB8806550EAE23595007C /* EncryptionService.swift */ = {isa = PBXFileReference; lastKnownFileType = sourcecode.swift; path = EncryptionService.swift; sourceTree = "<group>"; };
		B1205CCD6A2CE1CA5B36DD9D /* KChimeApp.swift */ = {isa = PBXFileReference; lastKnownFileType = sourcecode.swift; path = KChimeApp.swift; sourceTree = "<group>"; };
		B26BFCA9348907C4A151322D /* SettingsView.swift */ = {isa = PBXFileReference; lastKnownFileType = sourcecode.swift; path = SettingsView.swift; sourceTree = "<group>"; };
		BFF0AC155FA11E44697529DD /* KeyboardViewController.swift */ = {isa = PBXFileReference; lastKnownFileType = sourcecode.swift; path = KeyboardViewController.swift; sourceTree = "<group>"; };
		C78AA655CC82E9A626962A54 /* KChimeAPIClient.swift */ = {isa = PBXFileReference; lastKnownFileType = sourcecode.swift; path = KChimeAPIClient.swift; sourceTree = "<group>"; };
		D70CF9AC3D7A977DD76452B0 /* KChimeKeyboard.appex */ = {isa = PBXFileReference; includeInIndex = 0; lastKnownFileType = "wrapper.app-extension"; path = KChimeKeyboard.appex; sourceTree = BUILT_PRODUCTS_DIR; };
		F30301DA5D7FF4CA6A78915F /* Info.plist */ = {isa = PBXFileReference; lastKnownFileType = text.plist; path = Info.plist; sourceTree = "<group>"; };
		F7F60DF3BC2E8EEF919AAE95 /* ShareViewController.swift */ = {isa = PBXFileReference; lastKnownFileType = sourcecode.swift; path = ShareViewController.swift; sourceTree = "<group>"; };
		FA5C75DB851CF6C12C90BC9F /* PaywallView.swift */ = {isa = PBXFileReference; lastKnownFileType = sourcecode.swift; path = PaywallView.swift; sourceTree = "<group>"; };
		FE3518032D270D6E84E77E77 /* KChimeTests.swift */ = {isa = PBXFileReference; lastKnownFileType = sourcecode.swift; path = KChimeTests.swift; sourceTree = "<group>"; };
		FFF5B1CC01DD4B92E4D2FDA1 /* OnboardingFlowView.swift */ = {isa = PBXFileReference; lastKnownFileType = sourcecode.swift; path = OnboardingFlowView.swift; sourceTree = "<group>"; };
/* End PBXFileReference section */

/* Begin PBXFrameworksBuildPhase section */
		4D949273768627E2726BE24F /* Frameworks */ = {
			isa = PBXFrameworksBuildPhase;
			buildActionMask = 2147483647;
			files = (
				D6CD620CA391E41F443953A8 /* KeychainSwift in Frameworks */,
			);
			runOnlyForDeploymentPostprocessing = 0;
		};
		754A19ACE3176D0D79B476DD /* Frameworks */ = {
			isa = PBXFrameworksBuildPhase;
			buildActionMask = 2147483647;
			files = (
				4AA5F0924BA8718F955EFAF4 /* KeychainSwift in Frameworks */,
			);
			runOnlyForDeploymentPostprocessing = 0;
		};
		915C6C6AF5E4EAAB8A6B8163 /* Frameworks */ = {
			isa = PBXFrameworksBuildPhase;
			buildActionMask = 2147483647;
			files = (
				1AC33F68B286F2CBF82587BC /* KeychainSwift in Frameworks */,
			);
			runOnlyForDeploymentPostprocessing = 0;
		};
/* End PBXFrameworksBuildPhase section */

/* Begin PBXGroup section */
		0CC155720B5FA38314D28C5F = {
			isa = PBXGroup;
			children = (
				F97AAF781525C7EED0FB5128 /* KChime */,
				C46CDB0A8A4FA83601CF28E1 /* KChimeKeyboard */,
				1CCC8E6B0F48E6E9F0F1B374 /* KChimeShare */,
				513EDB966F8A3EE85ED8ED89 /* KChimeTests */,
				A845A05C58E1E2D03430F84C /* Shared */,
				EE7BC4DF7A204C2D65240F93 /* Products */,
			);
			sourceTree = "<group>";
		};
		0EF770B8AF51AD89ACFBF37C /* Onboarding */ = {
			isa = PBXGroup;
			children = (
				2D46329770906E8A7355F1A7 /* KeyboardSetupView.swift */,
				FFF5B1CC01DD4B92E4D2FDA1 /* OnboardingFlowView.swift */,
				56C9D9BF35C17B4E2F05FCC9 /* PrivacyDisclosureView.swift */,
				2DA6EE1A9C02D43D75D2929F /* ToneProfileSetupView.swift */,
			);
			path = Onboarding;
			sourceTree = "<group>";
		};
		1373284150DE6B9ECE67B09A /* Services */ = {
			isa = PBXGroup;
			children = (
			);
			path = Services;
			sourceTree = "<group>";
		};
		1CCC8E6B0F48E6E9F0F1B374 /* KChimeShare */ = {
			isa = PBXGroup;
			children = (
				4BCB2A90BD3141CABB1D3434 /* Info.plist */,
				5D3A9547486E736F0E9074F6 /* KChimeShare.entitlements */,
				785F8F4C302C4E40E0A583E6 /* ShareView.swift */,
				F7F60DF3BC2E8EEF919AAE95 /* ShareViewController.swift */,
				5C7C61301E5C8A5E515CB9D3 /* ShareViewModel.swift */,
			);
			path = KChimeShare;
			sourceTree = "<group>";
		};
		22B4AC8030CB0C034903D0B0 /* Tabs */ = {
			isa = PBXGroup;
			children = (
				6A7A8646CB53B7A2E686A313 /* ContactsView.swift */,
				0571A1124C7BF57995C99E06 /* HomeView.swift */,
				6339028A32D986F3F32DF285 /* MainTabView.swift */,
				153F0E6997F27338C8F62ED0 /* SavedRepliesView.swift */,
				B26BFCA9348907C4A151322D /* SettingsView.swift */,
			);
			path = Tabs;
			sourceTree = "<group>";
		};
		38286BB5E489E4CE94CBCB13 /* Constants */ = {
			isa = PBXGroup;
			children = (
				283C822D4E5EC2B5105DCF19 /* AppConstants.swift */,
			);
			path = Constants;
			sourceTree = "<group>";
		};
		513EDB966F8A3EE85ED8ED89 /* KChimeTests */ = {
			isa = PBXGroup;
			children = (
				FE3518032D270D6E84E77E77 /* KChimeTests.swift */,
			);
			path = KChimeTests;
			sourceTree = "<group>";
		};
		6D9BC0498F1967DAD0822D0E /* Networking */ = {
			isa = PBXGroup;
			children = (
				C78AA655CC82E9A626962A54 /* KChimeAPIClient.swift */,
				8AF63B1DC01C7C53AAC684E9 /* UsageCache.swift */,
			);
			path = Networking;
			sourceTree = "<group>";
		};
		720F5947FEB8F6C05DCB2B78 /* Persistence */ = {
			isa = PBXGroup;
			children = (
				F9CEF8CD8AE9BEB8DBA95BEE /* KChime.xcdatamodeld */,
				6662D0FC9E2C1521F585FBD8 /* PersistenceController.swift */,
			);
			path = Persistence;
			sourceTree = "<group>";
		};
		8FBB0C4B502F2704DCAB3121 /* App */ = {
			isa = PBXGroup;
			children = (
				5E3677196166D87F2EA02488 /* AppState.swift */,
				B1205CCD6A2CE1CA5B36DD9D /* KChimeApp.swift */,
			);
			path = App;
			sourceTree = "<group>";
		};
		9ACFB4A3ED94F47A10CCEF81 /* Paywall */ = {
			isa = PBXGroup;
			children = (
				FA5C75DB851CF6C12C90BC9F /* PaywallView.swift */,
			);
			path = Paywall;
			sourceTree = "<group>";
		};
		A845A05C58E1E2D03430F84C /* Shared */ = {
			isa = PBXGroup;
			children = (
				38286BB5E489E4CE94CBCB13 /* Constants */,
				B2E12FA3E498415C308E3381 /* Crypto */,
				6D9BC0498F1967DAD0822D0E /* Networking */,
			);
			path = Shared;
			sourceTree = "<group>";
		};
		B2E12FA3E498415C308E3381 /* Crypto */ = {
			isa = PBXGroup;
			children = (
				A21DB8806550EAE23595007C /* EncryptionService.swift */,
			);
			path = Crypto;
			sourceTree = "<group>";
		};
		BA476AA2BE4B9BB6DC9A65DF /* Models */ = {
			isa = PBXGroup;
			children = (
				487FCE7E1E2FFCE2AB8B846E /* ContactEntity+Extensions.swift */,
				21D00DE956C415AF92E4AFE8 /* ToneProfile.swift */,
			);
			path = Models;
			sourceTree = "<group>";
		};
		BF1D724D39EA863F04CF8068 /* Resources */ = {
			isa = PBXGroup;
			children = (
				F30301DA5D7FF4CA6A78915F /* Info.plist */,
				58BBABB19F7C55F19F585521 /* KChime.entitlements */,
			);
			path = Resources;
			sourceTree = "<group>";
		};
		C46CDB0A8A4FA83601CF28E1 /* KChimeKeyboard */ = {
			isa = PBXGroup;
			children = (
				9B4E021147AE299359420A94 /* Info.plist */,
				27D86D7FA15DAB43410BBBA3 /* KChimeKeyboard.entitlements */,
				121F03FCB1BF2E9412214DE9 /* KeyboardView.swift */,
				BFF0AC155FA11E44697529DD /* KeyboardViewController.swift */,
				748608667D66AD3CBED85C74 /* KeyboardViewModel.swift */,
			);
			path = KChimeKeyboard;
			sourceTree = "<group>";
		};
		EE7BC4DF7A204C2D65240F93 /* Products */ = {
			isa = PBXGroup;
			children = (
				2857F089750FB923EBB4695A /* KChime.app */,
				D70CF9AC3D7A977DD76452B0 /* KChimeKeyboard.appex */,
				A17DE01A4A4AB571821DC6B5 /* KChimeShare.appex */,
				170992FDE4A49B535245A448 /* KChimeTests.xctest */,
			);
			name = Products;
			sourceTree = "<group>";
		};
		F97AAF781525C7EED0FB5128 /* KChime */ = {
			isa = PBXGroup;
			children = (
				8FBB0C4B502F2704DCAB3121 /* App */,
				BA476AA2BE4B9BB6DC9A65DF /* Models */,
				0EF770B8AF51AD89ACFBF37C /* Onboarding */,
				9ACFB4A3ED94F47A10CCEF81 /* Paywall */,
				720F5947FEB8F6C05DCB2B78 /* Persistence */,
				BF1D724D39EA863F04CF8068 /* Resources */,
				1373284150DE6B9ECE67B09A /* Services */,
				22B4AC8030CB0C034903D0B0 /* Tabs */,
			);
			path = KChime;
			sourceTree = "<group>";
		};
/* End PBXGroup section */

/* Begin PBXNativeTarget section */
		0F945FD3889C51F5A83611A7 /* KChime */ = {
			isa = PBXNativeTarget;
			buildConfigurationList = 6A8DBFA6E9E71C721804E387 /* Build configuration list for PBXNativeTarget "KChime" */;
			buildPhases = (
				F21662C3C755605B664BDB75 /* Sources */,
				754A19ACE3176D0D79B476DD /* Frameworks */,
			);
			buildRules = (
			);
			dependencies = (
			);
			name = KChime;
			packageProductDependencies = (
				A38139BDD919EE575C48EAC0 /* KeychainSwift */,
			);
			productName = KChime;
			productReference = 2857F089750FB923EBB4695A /* KChime.app */;
			productType = "com.apple.product-type.application";
		};
		578D9402FD84E52D3286D6C4 /* KChimeKeyboard */ = {
			isa = PBXNativeTarget;
			buildConfigurationList = 082C6D6C2F8AE541E566D597 /* Build configuration list for PBXNativeTarget "KChimeKeyboard" */;
			buildPhases = (
				06363F71B8DEDA336D4413C9 /* Sources */,
				4D949273768627E2726BE24F /* Frameworks */,
			);
			buildRules = (
			);
			dependencies = (
				9833D8F5141460B332DA5E8D /* PBXTargetDependency */,
			);
			name = KChimeKeyboard;
			packageProductDependencies = (
				05CF86FFC57473DE4B567E14 /* KeychainSwift */,
			);
			productName = KChimeKeyboard;
			productReference = D70CF9AC3D7A977DD76452B0 /* KChimeKeyboard.appex */;
			productType = "com.apple.product-type.app-extension";
		};
		954EEB6877577AD6E9FB3E7C /* KChimeShare */ = {
			isa = PBXNativeTarget;
			buildConfigurationList = 792C91369C314727B32A9317 /* Build configuration list for PBXNativeTarget "KChimeShare" */;
			buildPhases = (
				889EF4605E95634C46881A53 /* Sources */,
				915C6C6AF5E4EAAB8A6B8163 /* Frameworks */,
			);
			buildRules = (
			);
			dependencies = (
				CBE011B10D9A4CAC2E088E63 /* PBXTargetDependency */,
			);
			name = KChimeShare;
			packageProductDependencies = (
				A660B5947436A9671AC0B48F /* KeychainSwift */,
			);
			productName = KChimeShare;
			productReference = A17DE01A4A4AB571821DC6B5 /* KChimeShare.appex */;
			productType = "com.apple.product-type.app-extension";
		};
		EC94CB10D23EA71FCCA0ACC1 /* KChimeTests */ = {
			isa = PBXNativeTarget;
			buildConfigurationList = FBCE703F544CFAC8C6A1D118 /* Build configuration list for PBXNativeTarget "KChimeTests" */;
			buildPhases = (
				8F7E44007B10EAFB7AC5FB9B /* Sources */,
			);
			buildRules = (
			);
			dependencies = (
				FD5131A0A9ED56D3E270BF48 /* PBXTargetDependency */,
			);
			name = KChimeTests;
			packageProductDependencies = (
			);
			productName = KChimeTests;
			productReference = 170992FDE4A49B535245A448 /* KChimeTests.xctest */;
			productType = "com.apple.product-type.bundle.unit-test";
		};
/* End PBXNativeTarget section */

/* Begin PBXProject section */
		801C0A05730303BA676179E8 /* Project object */ = {
			isa = PBXProject;
			attributes = {
				BuildIndependentTargetsInParallel = YES;
				LastUpgradeCheck = 1600;
				TargetAttributes = {
					0F945FD3889C51F5A83611A7 = {
						DevelopmentTeam = "";
						ProvisioningStyle = Automatic;
					};
					578D9402FD84E52D3286D6C4 = {
						DevelopmentTeam = "";
						ProvisioningStyle = Automatic;
					};
					954EEB6877577AD6E9FB3E7C = {
						DevelopmentTeam = "";
						ProvisioningStyle = Automatic;
					};
					EC94CB10D23EA71FCCA0ACC1 = {
						DevelopmentTeam = "";
						ProvisioningStyle = Automatic;
					};
				};
			};
			buildConfigurationList = F462BD8CFB167BA613E3423F /* Build configuration list for PBXProject "KChime" */;
			compatibilityVersion = "Xcode 14.0";
			developmentRegion = en;
			hasScannedForEncodings = 0;
			knownRegions = (
				Base,
				en,
			);
			mainGroup = 0CC155720B5FA38314D28C5F;
			minimizedProjectReferenceProxies = 1;
			packageReferences = (
				F8E834F9F410324922228F78 /* XCRemoteSwiftPackageReference "keychain-swift" */,
			);
			preferredProjectObjectVersion = 77;
			projectDirPath = "";
			projectRoot = "";
			targets = (
				0F945FD3889C51F5A83611A7 /* KChime */,
				578D9402FD84E52D3286D6C4 /* KChimeKeyboard */,
				954EEB6877577AD6E9FB3E7C /* KChimeShare */,
				EC94CB10D23EA71FCCA0ACC1 /* KChimeTests */,
			);
		};
/* End PBXProject section */

/* Begin PBXSourcesBuildPhase section */
		06363F71B8DEDA336D4413C9 /* Sources */ = {
			isa = PBXSourcesBuildPhase;
			buildActionMask = 2147483647;
			files = (
				B7B11797DEF6766B6425FCDF /* AppConstants.swift in Sources */,
				06872959D208BBC9359BCF33 /* EncryptionService.swift in Sources */,
				AA859AAA9A2AA30B50605313 /* KChimeAPIClient.swift in Sources */,
				53E71B1324DFA33740A39867 /* KeyboardView.swift in Sources */,
				30AF17FEE45CDEBE1F105C09 /* KeyboardViewController.swift in Sources */,
				1CAB9C427AFC98B116E092D1 /* KeyboardViewModel.swift in Sources */,
				D59CB138FE6BC95B3DB6B0F1 /* UsageCache.swift in Sources */,
			);
			runOnlyForDeploymentPostprocessing = 0;
		};
		889EF4605E95634C46881A53 /* Sources */ = {
			isa = PBXSourcesBuildPhase;
			buildActionMask = 2147483647;
			files = (
				A10EC70D4941C5DA9323F1AF /* AppConstants.swift in Sources */,
				6E1FE3584480111BCBE7203D /* EncryptionService.swift in Sources */,
				617C306FB3DF7093E985FCF2 /* KChimeAPIClient.swift in Sources */,
				1E93A5D42876813EEFB69EC0 /* ShareView.swift in Sources */,
				58A6A57B32B37D4263422715 /* ShareViewController.swift in Sources */,
				FEDE56FAA12AE6C1B52C57ED /* ShareViewModel.swift in Sources */,
				BAE0BB5727EB4974D372FC6B /* UsageCache.swift in Sources */,
			);
			runOnlyForDeploymentPostprocessing = 0;
		};
		8F7E44007B10EAFB7AC5FB9B /* Sources */ = {
			isa = PBXSourcesBuildPhase;
			buildActionMask = 2147483647;
			files = (
				45906E34D3541FDD74611877 /* KChimeTests.swift in Sources */,
			);
			runOnlyForDeploymentPostprocessing = 0;
		};
		F21662C3C755605B664BDB75 /* Sources */ = {
			isa = PBXSourcesBuildPhase;
			buildActionMask = 2147483647;
			files = (
				7E4BD64DB5115296D3E0A9B7 /* AppConstants.swift in Sources */,
				ABFFE29E205F0A090CC79DB3 /* AppState.swift in Sources */,
				383AEBDF2382ED242069A60E /* ContactEntity+Extensions.swift in Sources */,
				AD9005692E1E31A4A7F92AA9 /* ContactsView.swift in Sources */,
				2D9FF177CB67D0F69B5C3410 /* EncryptionService.swift in Sources */,
				FA7C8F85A65E43F5961362F4 /* HomeView.swift in Sources */,
				ED8077D44410E45317BA0ADC /* KChime.xcdatamodeld in Sources */,
				C2ADE51845DDE3343068291E /* KChimeAPIClient.swift in Sources */,
				5B3D2E6033792494C7FBA90F /* KChimeApp.swift in Sources */,
				927F043645B0697030252BD6 /* KeyboardSetupView.swift in Sources */,
				E47307CC295FF7C88408C4F9 /* MainTabView.swift in Sources */,
				B97391ED3AA8D8D1EB7396FA /* OnboardingFlowView.swift in Sources */,
				72BA1B12AC6E5CF4FF7EEE6F /* PaywallView.swift in Sources */,
				8D725DCB96CFCD6946986626 /* PersistenceController.swift in Sources */,
				1F525D234E4C86CD2DB3DE85 /* PrivacyDisclosureView.swift in Sources */,
				89C40DD5C68AF82DB7DF5E92 /* SavedRepliesView.swift in Sources */,
				983996B368E0C3A13698ED70 /* SettingsView.swift in Sources */,
				2AD868F59BFA49718F08C840 /* ToneProfile.swift in Sources */,
				CC2B7A0D722E98AAE96FC65F /* ToneProfileSetupView.swift in Sources */,
				3871D60AB70A0C470811ABA4 /* UsageCache.swift in Sources */,
			);
			runOnlyForDeploymentPostprocessing = 0;
		};
/* End PBXSourcesBuildPhase section */

/* Begin PBXTargetDependency section */
		9833D8F5141460B332DA5E8D /* PBXTargetDependency */ = {
			isa = PBXTargetDependency;
			target = 0F945FD3889C51F5A83611A7 /* KChime */;
			targetProxy = 9063A39164F19109475622BA /* PBXContainerItemProxy */;
		};
		CBE011B10D9A4CAC2E088E63 /* PBXTargetDependency */ = {
			isa = PBXTargetDependency;
			target = 0F945FD3889C51F5A83611A7 /* KChime */;
			targetProxy = 97284183572796527A7A124A /* PBXContainerItemProxy */;
		};
		FD5131A0A9ED56D3E270BF48 /* PBXTargetDependency */ = {
			isa = PBXTargetDependency;
			target = 0F945FD3889C51F5A83611A7 /* KChime */;
			targetProxy = 0E8061544B1398838D64971B /* PBXContainerItemProxy */;
		};
/* End PBXTargetDependency section */

/* Begin XCBuildConfiguration section */
		102CDDAF99457EF01FA41F9A /* Release */ = {
			isa = XCBuildConfiguration;
			buildSettings = {
				ALWAYS_SEARCH_USER_PATHS = NO;
				CLANG_ANALYZER_NONNULL = YES;
				CLANG_ANALYZER_NUMBER_OBJECT_CONVERSION = YES_AGGRESSIVE;
				CLANG_CXX_LANGUAGE_STANDARD = "gnu++14";
				CLANG_CXX_LIBRARY = "libc++";
				CLANG_ENABLE_MODULES = YES;
				CLANG_ENABLE_OBJC_ARC = YES;
				CLANG_ENABLE_OBJC_WEAK = YES;
				CLANG_WARN_BLOCK_CAPTURE_AUTORELEASING = YES;
				CLANG_WARN_BOOL_CONVERSION = YES;
				CLANG_WARN_COMMA = YES;
				CLANG_WARN_CONSTANT_CONVERSION = YES;
				CLANG_WARN_DEPRECATED_OBJC_IMPLEMENTATIONS = YES;
				CLANG_WARN_DIRECT_OBJC_ISA_USAGE = YES_ERROR;
				CLANG_WARN_DOCUMENTATION_COMMENTS = YES;
				CLANG_WARN_EMPTY_BODY = YES;
				CLANG_WARN_ENUM_CONVERSION = YES;
				CLANG_WARN_INFINITE_RECURSION = YES;
				CLANG_WARN_INT_CONVERSION = YES;
				CLANG_WARN_NON_LITERAL_NULL_CONVERSION = YES;
				CLANG_WARN_OBJC_IMPLICIT_RETAIN_SELF = YES;
				CLANG_WARN_OBJC_LITERAL_CONVERSION = YES;
				CLANG_WARN_OBJC_ROOT_CLASS = YES_ERROR;
				CLANG_WARN_QUOTED_INCLUDE_IN_FRAMEWORK_HEADER = YES;
				CLANG_WARN_RANGE_LOOP_ANALYSIS = YES;
				CLANG_WARN_STRICT_PROTOTYPES = YES;
				CLANG_WARN_SUSPICIOUS_MOVE = YES;
				CLANG_WARN_UNGUARDED_AVAILABILITY = YES_AGGRESSIVE;
				CLANG_WARN_UNREACHABLE_CODE = YES;
				CLANG_WARN__DUPLICATE_METHOD_MATCH = YES;
				CODE_SIGN_STYLE = Automatic;
				COPY_PHASE_STRIP = NO;
				CURRENT_PROJECT_VERSION = 1;
				DEBUG_INFORMATION_FORMAT = "dwarf-with-dsym";
				DEVELOPMENT_TEAM = "";
				ENABLE_NS_ASSERTIONS = NO;
				ENABLE_STRICT_OBJC_MSGSEND = YES;
				GCC_C_LANGUAGE_STANDARD = gnu11;
				GCC_NO_COMMON_BLOCKS = YES;
				GCC_WARN_64_TO_32_BIT_CONVERSION = YES;
				GCC_WARN_ABOUT_RETURN_TYPE = YES_ERROR;
				GCC_WARN_UNDECLARED_SELECTOR = YES;
				GCC_WARN_UNINITIALIZED_AUTOS = YES_AGGRESSIVE;
				GCC_WARN_UNUSED_FUNCTION = YES;
				GCC_WARN_UNUSED_VARIABLE = YES;
				IPHONEOS_DEPLOYMENT_TARGET = 17.0;
				MARKETING_VERSION = 1.0.0;
				MTL_ENABLE_DEBUG_INFO = NO;
				MTL_FAST_MATH = YES;
				PRODUCT_NAME = "$(TARGET_NAME)";
				SDKROOT = iphoneos;
				SWIFT_COMPILATION_MODE = wholemodule;
				SWIFT_OPTIMIZATION_LEVEL = "-O";
				SWIFT_VERSION = 6.0;
			};
			name = Release;
		};
		16A06E553220202E0202C5B4 /* Release */ = {
			isa = XCBuildConfiguration;
			buildSettings = {
				APP_GROUP_ID = group.com.kchime.shared;
				ASSETCATALOG_COMPILER_APPICON_NAME = AppIcon;
				CODE_SIGN_ENTITLEMENTS = KChime/Resources/KChime.entitlements;
				CODE_SIGN_IDENTITY = "iPhone Developer";
				INFOPLIST_FILE = KChime/Resources/Info.plist;
				LD_RUNPATH_SEARCH_PATHS = (
					"$(inherited)",
					"@executable_path/Frameworks",
				);
				PRODUCT_BUNDLE_IDENTIFIER = com.kchime.app;
				SDKROOT = iphoneos;
				TARGETED_DEVICE_FAMILY = "1,2";
			};
			name = Release;
		};
		2A04F6D7914D4E326DE1F1C2 /* Debug */ = {
			isa = XCBuildConfiguration;
			buildSettings = {
				APP_GROUP_ID = group.com.kchime.shared;
				CODE_SIGN_ENTITLEMENTS = KChimeShare/KChimeShare.entitlements;
				INFOPLIST_FILE = KChimeShare/Info.plist;
				LD_RUNPATH_SEARCH_PATHS = (
					"$(inherited)",
					"@executable_path/Frameworks",
					"@executable_path/../../Frameworks",
				);
				PRODUCT_BUNDLE_IDENTIFIER = com.kchime.app.share;
				SDKROOT = iphoneos;
				TARGETED_DEVICE_FAMILY = "1,2";
			};
			name = Debug;
		};
		49022805EB4EF580974F526F /* Release */ = {
			isa = XCBuildConfiguration;
			buildSettings = {
				BUNDLE_LOADER = "$(TEST_HOST)";
				LD_RUNPATH_SEARCH_PATHS = (
					"$(inherited)",
					"@executable_path/Frameworks",
					"@loader_path/Frameworks",
				);
				PRODUCT_BUNDLE_IDENTIFIER = com.kchime.tests;
				SDKROOT = iphoneos;
				TARGETED_DEVICE_FAMILY = "1,2";
				TEST_HOST = "$(BUILT_PRODUCTS_DIR)/KChime.app/KChime";
			};
			name = Release;
		};
		6A87B265D2F6C39B22B8C42A /* Release */ = {
			isa = XCBuildConfiguration;
			buildSettings = {
				APP_GROUP_ID = group.com.kchime.shared;
				CODE_SIGN_ENTITLEMENTS = KChimeShare/KChimeShare.entitlements;
				INFOPLIST_FILE = KChimeShare/Info.plist;
				LD_RUNPATH_SEARCH_PATHS = (
					"$(inherited)",
					"@executable_path/Frameworks",
					"@executable_path/../../Frameworks",
				);
				PRODUCT_BUNDLE_IDENTIFIER = com.kchime.app.share;
				SDKROOT = iphoneos;
				TARGETED_DEVICE_FAMILY = "1,2";
			};
			name = Release;
		};
		76525CBBBF1DAEE2B8DF2C47 /* Debug */ = {
			isa = XCBuildConfiguration;
			buildSettings = {
				BUNDLE_LOADER = "$(TEST_HOST)";
				LD_RUNPATH_SEARCH_PATHS = (
					"$(inherited)",
					"@executable_path/Frameworks",
					"@loader_path/Frameworks",
				);
				PRODUCT_BUNDLE_IDENTIFIER = com.kchime.tests;
				SDKROOT = iphoneos;
				TARGETED_DEVICE_FAMILY = "1,2";
				TEST_HOST = "$(BUILT_PRODUCTS_DIR)/KChime.app/KChime";
			};
			name = Debug;
		};
		80035A1B6DB811462F3255DB /* Debug */ = {
			isa = XCBuildConfiguration;
			buildSettings = {
				ALWAYS_SEARCH_USER_PATHS = NO;
				CLANG_ANALYZER_NONNULL = YES;
				CLANG_ANALYZER_NUMBER_OBJECT_CONVERSION = YES_AGGRESSIVE;
				CLANG_CXX_LANGUAGE_STANDARD = "gnu++14";
				CLANG_CXX_LIBRARY = "libc++";
				CLANG_ENABLE_MODULES = YES;
				CLANG_ENABLE_OBJC_ARC = YES;
				CLANG_ENABLE_OBJC_WEAK = YES;
				CLANG_WARN_BLOCK_CAPTURE_AUTORELEASING = YES;
				CLANG_WARN_BOOL_CONVERSION = YES;
				CLANG_WARN_COMMA = YES;
				CLANG_WARN_CONSTANT_CONVERSION = YES;
				CLANG_WARN_DEPRECATED_OBJC_IMPLEMENTATIONS = YES;
				CLANG_WARN_DIRECT_OBJC_ISA_USAGE = YES_ERROR;
				CLANG_WARN_DOCUMENTATION_COMMENTS = YES;
				CLANG_WARN_EMPTY_BODY = YES;
				CLANG_WARN_ENUM_CONVERSION = YES;
				CLANG_WARN_INFINITE_RECURSION = YES;
				CLANG_WARN_INT_CONVERSION = YES;
				CLANG_WARN_NON_LITERAL_NULL_CONVERSION = YES;
				CLANG_WARN_OBJC_IMPLICIT_RETAIN_SELF = YES;
				CLANG_WARN_OBJC_LITERAL_CONVERSION = YES;
				CLANG_WARN_OBJC_ROOT_CLASS = YES_ERROR;
				CLANG_WARN_QUOTED_INCLUDE_IN_FRAMEWORK_HEADER = YES;
				CLANG_WARN_RANGE_LOOP_ANALYSIS = YES;
				CLANG_WARN_STRICT_PROTOTYPES = YES;
				CLANG_WARN_SUSPICIOUS_MOVE = YES;
				CLANG_WARN_UNGUARDED_AVAILABILITY = YES_AGGRESSIVE;
				CLANG_WARN_UNREACHABLE_CODE = YES;
				CLANG_WARN__DUPLICATE_METHOD_MATCH = YES;
				CODE_SIGN_STYLE = Automatic;
				COPY_PHASE_STRIP = NO;
				CURRENT_PROJECT_VERSION = 1;
				DEBUG_INFORMATION_FORMAT = dwarf;
				DEVELOPMENT_TEAM = "";
				ENABLE_STRICT_OBJC_MSGSEND = YES;
				ENABLE_TESTABILITY = YES;
				GCC_C_LANGUAGE_STANDARD = gnu11;
				GCC_DYNAMIC_NO_PIC = NO;
				GCC_NO_COMMON_BLOCKS = YES;
				GCC_OPTIMIZATION_LEVEL = 0;
				GCC_PREPROCESSOR_DEFINITIONS = (
					"$(inherited)",
					"DEBUG=1",
				);
				GCC_WARN_64_TO_32_BIT_CONVERSION = YES;
				GCC_WARN_ABOUT_RETURN_TYPE = YES_ERROR;
				GCC_WARN_UNDECLARED_SELECTOR = YES;
				GCC_WARN_UNINITIALIZED_AUTOS = YES_AGGRESSIVE;
				GCC_WARN_UNUSED_FUNCTION = YES;
				GCC_WARN_UNUSED_VARIABLE = YES;
				IPHONEOS_DEPLOYMENT_TARGET = 17.0;
				MARKETING_VERSION = 1.0.0;
				MTL_ENABLE_DEBUG_INFO = INCLUDE_SOURCE;
				MTL_FAST_MATH = YES;
				ONLY_ACTIVE_ARCH = YES;
				PRODUCT_NAME = "$(TARGET_NAME)";
				SDKROOT = iphoneos;
				SWIFT_ACTIVE_COMPILATION_CONDITIONS = DEBUG;
				SWIFT_OPTIMIZATION_LEVEL = "-Onone";
				SWIFT_VERSION = 6.0;
			};
			name = Debug;
		};
		AD5800040B7DE0B108893C97 /* Debug */ = {
			isa = XCBuildConfiguration;
			buildSettings = {
				APP_GROUP_ID = group.com.kchime.shared;
				CODE_SIGN_ENTITLEMENTS = KChimeKeyboard/KChimeKeyboard.entitlements;
				INFOPLIST_FILE = KChimeKeyboard/Info.plist;
				LD_RUNPATH_SEARCH_PATHS = (
					"$(inherited)",
					"@executable_path/Frameworks",
					"@executable_path/../../Frameworks",
				);
				PRODUCT_BUNDLE_IDENTIFIER = com.kchime.app.keyboard;
				SDKROOT = iphoneos;
				TARGETED_DEVICE_FAMILY = "1,2";
			};
			name = Debug;
		};
		BFD7F914D5B7A4FBDDBEB8EB /* Debug */ = {
			isa = XCBuildConfiguration;
			buildSettings = {
				APP_GROUP_ID = group.com.kchime.shared;
				ASSETCATALOG_COMPILER_APPICON_NAME = AppIcon;
				CODE_SIGN_ENTITLEMENTS = KChime/Resources/KChime.entitlements;
				CODE_SIGN_IDENTITY = "iPhone Developer";
				INFOPLIST_FILE = KChime/Resources/Info.plist;
				LD_RUNPATH_SEARCH_PATHS = (
					"$(inherited)",
					"@executable_path/Frameworks",
				);
				PRODUCT_BUNDLE_IDENTIFIER = com.kchime.app;
				SDKROOT = iphoneos;
				TARGETED_DEVICE_FAMILY = "1,2";
			};
			name = Debug;
		};
		D65F4766E42A7DAF1D13DBAB /* Release */ = {
			isa = XCBuildConfiguration;
			buildSettings = {
				APP_GROUP_ID = group.com.kchime.shared;
				CODE_SIGN_ENTITLEMENTS = KChimeKeyboard/KChimeKeyboard.entitlements;
				INFOPLIST_FILE = KChimeKeyboard/Info.plist;
				LD_RUNPATH_SEARCH_PATHS = (
					"$(inherited)",
					"@executable_path/Frameworks",
					"@executable_path/../../Frameworks",
				);
				PRODUCT_BUNDLE_IDENTIFIER = com.kchime.app.keyboard;
				SDKROOT = iphoneos;
				TARGETED_DEVICE_FAMILY = "1,2";
			};
			name = Release;
		};
/* End XCBuildConfiguration section */

/* Begin XCConfigurationList section */
		082C6D6C2F8AE541E566D597 /* Build configuration list for PBXNativeTarget "KChimeKeyboard" */ = {
			isa = XCConfigurationList;
			buildConfigurations = (
				AD5800040B7DE0B108893C97 /* Debug */,
				D65F4766E42A7DAF1D13DBAB /* Release */,
			);
			defaultConfigurationIsVisible = 0;
			defaultConfigurationName = Debug;
		};
		6A8DBFA6E9E71C721804E387 /* Build configuration list for PBXNativeTarget "KChime" */ = {
			isa = XCConfigurationList;
			buildConfigurations = (
				BFD7F914D5B7A4FBDDBEB8EB /* Debug */,
				16A06E553220202E0202C5B4 /* Release */,
			);
			defaultConfigurationIsVisible = 0;
			defaultConfigurationName = Debug;
		};
		792C91369C314727B32A9317 /* Build configuration list for PBXNativeTarget "KChimeShare" */ = {
			isa = XCConfigurationList;
			buildConfigurations = (
				2A04F6D7914D4E326DE1F1C2 /* Debug */,
				6A87B265D2F6C39B22B8C42A /* Release */,
			);
			defaultConfigurationIsVisible = 0;
			defaultConfigurationName = Debug;
		};
		F462BD8CFB167BA613E3423F /* Build configuration list for PBXProject "KChime" */ = {
			isa = XCConfigurationList;
			buildConfigurations = (
				80035A1B6DB811462F3255DB /* Debug */,
				102CDDAF99457EF01FA41F9A /* Release */,
			);
			defaultConfigurationIsVisible = 0;
			defaultConfigurationName = Debug;
		};
		FBCE703F544CFAC8C6A1D118 /* Build configuration list for PBXNativeTarget "KChimeTests" */ = {
			isa = XCConfigurationList;
			buildConfigurations = (
				76525CBBBF1DAEE2B8DF2C47 /* Debug */,
				49022805EB4EF580974F526F /* Release */,
			);
			defaultConfigurationIsVisible = 0;
			defaultConfigurationName = Debug;
		};
/* End XCConfigurationList section */

/* Begin XCRemoteSwiftPackageReference section */
		F8E834F9F410324922228F78 /* XCRemoteSwiftPackageReference "keychain-swift" */ = {
			isa = XCRemoteSwiftPackageReference;
			repositoryURL = "https://github.com/evgenyneu/keychain-swift";
			requirement = {
				kind = upToNextMajorVersion;
				minimumVersion = 20.0.0;
			};
		};
/* End XCRemoteSwiftPackageReference section */

/* Begin XCSwiftPackageProductDependency section */
		05CF86FFC57473DE4B567E14 /* KeychainSwift */ = {
			isa = XCSwiftPackageProductDependency;
			package = F8E834F9F410324922228F78 /* XCRemoteSwiftPackageReference "keychain-swift" */;
			productName = KeychainSwift;
		};
		A38139BDD919EE575C48EAC0 /* KeychainSwift */ = {
			isa = XCSwiftPackageProductDependency;
			package = F8E834F9F410324922228F78 /* XCRemoteSwiftPackageReference "keychain-swift" */;
			productName = KeychainSwift;
		};
		A660B5947436A9671AC0B48F /* KeychainSwift */ = {
			isa = XCSwiftPackageProductDependency;
			package = F8E834F9F410324922228F78 /* XCRemoteSwiftPackageReference "keychain-swift" */;
			productName = KeychainSwift;
		};
/* End XCSwiftPackageProductDependency section */

/* Begin XCVersionGroup section */
		F9CEF8CD8AE9BEB8DBA95BEE /* KChime.xcdatamodeld */ = {
			isa = XCVersionGroup;
			children = (
				83498FACFF7C931FE8C60269 /* KChime.xcdatamodel */,
			);
			currentVersion = 83498FACFF7C931FE8C60269 /* KChime.xcdatamodel */;
			path = KChime.xcdatamodeld;
			sourceTree = "<group>";
			versionGroupType = wrapper.xcdatamodel;
		};
/* End XCVersionGroup section */
	};
	rootObject = 801C0A05730303BA676179E8 /* Project object */;
}
